
Microsoft Visual Studio Solution File, Format Version 12.00
# Visual Studio Version 16
VisualStudioVersion = 16.0.31005.135
MinimumVisualStudioVersion = 10.0.40219.1
Project("{FAE04EC0-301F-11D3-BF4B-00C04F79EFBC}") = "BikeDealers", "BikeDealers\BikeDealers.csproj", "{9CA332EF-1A87-45DE-BD76-453D39885C99}"
EndProject
Global
	GlobalSection(SolutionConfigurationPlatforms) = preSolution
		Debug|Any CPU = Debug|Any CPU
		Release|Any CPU = Release|Any CPU
	EndGlobalSection
	GlobalSection(ProjectConfigurationPlatforms) = postSolution
		{9CA332EF-1A87-45DE-BD76-453D39885C99}.Debug|Any CPU.ActiveCfg = Debug|Any CPU
		{9CA332EF-1A87-45DE-BD76-453D39885C99}.Debug|Any CPU.Build.0 = Debug|Any CPU
		{9CA332EF-1A87-45DE-BD76-453D39885C99}.Release|Any CPU.ActiveCfg = Release|Any CPU
		{9CA332EF-1A87-45DE-BD76-453D39885C99}.Release|Any CPU.Build.0 = Release|Any CPU
	EndGlobalSection
	GlobalSection(SolutionProperties) = preSolution
		HideSolutionNode = FALSE
	EndGlobalSection
	GlobalSection(ExtensibilityGlobals) = postSolution
		SolutionGuid = {F7151F79-F8FE-40BB-A295-7CE3F877B3C7}
	EndGlobalSection
EndGlobal
